
Microsoft Visual Studio Solution File, Format Version 12.00
# Visual Studio Version 17
VisualStudioVersion = 17.9.34607.119
MinimumVisualStudioVersion = 10.0.40219.1
Project("{888888A0-9F3D-457C-B088-3A5042F75D52}") = "PythonApplication40", "PythonApplication40\PythonApplication40.pyproj", "{1B164F6E-25EE-48D1-8C8F-9C514A8DB3E0}"
EndProject
Global
	GlobalSection(SolutionConfigurationPlatforms) = preSolution
		Debug|Any CPU = Debug|Any CPU
		Release|Any CPU = Release|Any CPU
	EndGlobalSection
	GlobalSection(ProjectConfigurationPlatforms) = postSolution
		{1B164F6E-25EE-48D1-8C8F-9C514A8DB3E0}.Debug|Any CPU.ActiveCfg = Debug|Any CPU
		{1B164F6E-25EE-48D1-8C8F-9C514A8DB3E0}.Release|Any CPU.ActiveCfg = Release|Any CPU
	EndGlobalSection
	GlobalSection(SolutionProperties) = preSolution
		HideSolutionNode = FALSE
	EndGlobalSection
	GlobalSection(ExtensibilityGlobals) = postSolution
		SolutionGuid = {F9DE96E6-A4CE-43BD-B0F5-A4DB9DA84668}
	EndGlobalSection
EndGlobal
