
Microsoft Visual Studio Solution File, Format Version 12.00
# Visual Studio Version 17
VisualStudioVersion = 17.9.34607.119
MinimumVisualStudioVersion = 10.0.40219.1
Project("{888888A0-9F3D-457C-B088-3A5042F75D52}") = "PythonApplication42", "PythonApplication42\PythonApplication42.pyproj", "{B182EF95-7270-43A8-A461-B22A8398524F}"
EndProject
Global
	GlobalSection(SolutionConfigurationPlatforms) = preSolution
		Debug|Any CPU = Debug|Any CPU
		Release|Any CPU = Release|Any CPU
	EndGlobalSection
	GlobalSection(ProjectConfigurationPlatforms) = postSolution
		{B182EF95-7270-43A8-A461-B22A8398524F}.Debug|Any CPU.ActiveCfg = Debug|Any CPU
		{B182EF95-7270-43A8-A461-B22A8398524F}.Release|Any CPU.ActiveCfg = Release|Any CPU
	EndGlobalSection
	GlobalSection(SolutionProperties) = preSolution
		HideSolutionNode = FALSE
	EndGlobalSection
	GlobalSection(ExtensibilityGlobals) = postSolution
		SolutionGuid = {2AA6B2C4-B2E9-45BB-B17F-DF736AACBAA1}
	EndGlobalSection
EndGlobal
